PODS:
  - JSONValue (0.0.6)

DEPENDENCIES:
  - JSONValue (= 0.0.6)

SPEC REPOS:
  https://github.com/VeryLoveLoli/CocoaPodsSource.git:
    - JSONValue

SPEC CHECKSUMS:
  JSONValue: f0d2e3fb80f662e6fa5796f0634fa85b9876dafe

PODFILE CHECKSUM: 4d693da1e2569db9f0858d60b9311bc8a82e779e

COCOAPODS: 1.6.1
