PODS:
  - JSONValue (0.0.7)

DEPENDENCIES:
  - JSONValue (= 0.0.7)

SPEC REPOS:
  https://github.com/VeryLoveLoli/CocoaPodsSource.git:
    - JSONValue

SPEC CHECKSUMS:
  JSONValue: 9b6412b150fa60c7139de32f71550f984c4fdba4

PODFILE CHECKSUM: c1a8c2673927ba47efe8cd4e2ebd1244b0fa38a5

COCOAPODS: 1.6.1
