PODS:
  - JSONValue (0.0.5)
  - XMLValue (0.0.5):
    - JSONValue (= 0.0.5)

DEPENDENCIES:
  - XMLValue

SPEC REPOS:
  https://github.com/VeryLoveLoli/CocoaPodsSource.git:
    - JSONValue
    - XMLValue

SPEC CHECKSUMS:
  JSONValue: 2b2ae1ffeb34f53ce69af7d55477ed8e371b99eb
  XMLValue: 9abf01e4c695e83239a90aee1f30b4435cdc5d28

PODFILE CHECKSUM: f0c67c20c010529f5f2112e138fbd899b3f83b00

COCOAPODS: 1.6.1
